PODS:
  - Alamofire (5.7.1)
  - sariska-media-transport (1.1.7)
  - SwiftyJSON (5.0.1)

DEPENDENCIES:
  - Alamofire (~> 5.7)
  - sariska-media-transport (from `/Users/dipaksisodiya/Desktop/sariska/sdks/sariska-ios-sdk-releases`)
  - SwiftyJSON

SPEC REPOS:
  trunk:
    - Alamofire
    - SwiftyJSON

EXTERNAL SOURCES:
  sariska-media-transport:
    :path: "/Users/dipaksisodiya/Desktop/sariska/sdks/sariska-ios-sdk-releases"

SPEC CHECKSUMS:
  Alamofire: 0123a34370cb170936ae79a8df46cc62b2edeb88
  sariska-media-transport: 488301850e20b6b8634529062a3b876588cf6374
  SwiftyJSON: 2f33a42c6fbc52764d96f13368585094bfd8aa5e

PODFILE CHECKSUM: 3209567a78dee5b0c10340d17d0d4adf2ebe234f

COCOAPODS: 1.12.1
